
Microsoft Visual Studio Solution File, Format Version 12.00
# Visual Studio Version 17
VisualStudioVersion = 17.7.34031.279
MinimumVisualStudioVersion = 10.0.40219.1
Project("{FAE04EC0-301F-11D3-BF4B-00C04F79EFBC}") = "Registry Browser", "Registry Browser\Registry Browser.csproj", "{4D99A822-4F2D-4CA0-9FE3-58CCDB928F89}"
EndProject
Global
	GlobalSection(SolutionConfigurationPlatforms) = preSolution
		Debug|Any CPU = Debug|Any CPU
		Release|Any CPU = Release|Any CPU
	EndGlobalSection
	GlobalSection(ProjectConfigurationPlatforms) = postSolution
		{4D99A822-4F2D-4CA0-9FE3-58CCDB928F89}.Debug|Any CPU.ActiveCfg = Debug|Any CPU
		{4D99A822-4F2D-4CA0-9FE3-58CCDB928F89}.Debug|Any CPU.Build.0 = Debug|Any CPU
		{4D99A822-4F2D-4CA0-9FE3-58CCDB928F89}.Release|Any CPU.ActiveCfg = Release|Any CPU
		{4D99A822-4F2D-4CA0-9FE3-58CCDB928F89}.Release|Any CPU.Build.0 = Release|Any CPU
	EndGlobalSection
	GlobalSection(SolutionProperties) = preSolution
		HideSolutionNode = FALSE
	EndGlobalSection
	GlobalSection(ExtensibilityGlobals) = postSolution
		SolutionGuid = {C6466922-963F-4D7E-8955-2EA9F3C381A4}
	EndGlobalSection
EndGlobal
